
Microsoft Visual Studio Solution File, Format Version 12.00
# Visual Studio 15
VisualStudioVersion = 15.0.26430.6
MinimumVisualStudioVersion = 10.0.40219.1
Project("{2150E333-8FDC-42A3-9474-1A3956D46DE8}") = "Games", "Games", "{5240409E-92D0-45FC-B4D8-9CBCED3C8737}"
EndProject
Project("{FAE04EC0-301F-11D3-BF4B-00C04F79EFBC}") = "PikaGames.Android", "PikaGames.Android\PikaGames.Android.csproj", "{45266623-ED0D-46DC-9A29-5EF84A126CD8}"
EndProject
Project("{D954291E-2A0B-460D-934E-DC6B0785DB48}") = "PaperCast2", "Games\PaperCast.Old\PaperCast2.shproj", "{C8165587-C583-420C-8E8C-5ED4EA9E1331}"
EndProject
Project("{FAE04EC0-301F-11D3-BF4B-00C04F79EFBC}") = "PikaGames.Windows", "PikaGames.Windows\PikaGames.Windows.csproj", "{0C163B17-AEE3-49A1-BE80-27E3A1AF269A}"
EndProject
Project("{FAE04EC0-301F-11D3-BF4B-00C04F79EFBC}") = "PikaGames.Core", "PikaGames.Core\PikaGames.Core.csproj", "{90DCC068-4002-4CBE-92EC-D761EE0046E0}"
EndProject
Project("{FAE04EC0-301F-11D3-BF4B-00C04F79EFBC}") = "PaperCast", "Games\PaperCast\PaperCast.csproj", "{14E3B201-FF98-40C9-B329-EDE40B869BA4}"
EndProject
Project("{FAE04EC0-301F-11D3-BF4B-00C04F79EFBC}") = "GameLauncher", "Games\GameLauncher\GameLauncher.csproj", "{68E6C734-DE72-4414-99E2-66E5CABA8319}"
EndProject
Project("{FAE04EC0-301F-11D3-BF4B-00C04F79EFBC}") = "GameTemplate", "Games\GameTemplate\GameTemplate.csproj", "{4B09E669-4D9F-4090-AC26-BDD11F2CC31E}"
EndProject
Project("{2150E333-8FDC-42A3-9474-1A3956D46DE8}") = "Solution Items", "Solution Items", "{F725B829-6E3E-4E98-B3F8-D21568ECAEA6}"
	ProjectSection(SolutionItems) = preProject
		GameTemplate.zip = GameTemplate.zip
	EndProjectSection
EndProject
Project("{2150E333-8FDC-42A3-9474-1A3956D46DE8}") = "Templates", "Templates", "{D5F55B8F-4CD3-4D25-B865-F0A29B9C677D}"
	ProjectSection(SolutionItems) = preProject
		Templates\Content.Designer.t4 = Templates\Content.Designer.t4
		Templates\Content.t4 = Templates\Content.t4
	EndProjectSection
EndProject
Project("{FAE04EC0-301F-11D3-BF4B-00C04F79EFBC}") = "RaceCast", "Games\RaceCast\RaceCast.csproj", "{EBF17446-DFE8-4974-A67D-93FD443836AE}"
EndProject
Project("{2150E333-8FDC-42A3-9474-1A3956D46DE8}") = "Platforms", "Platforms", "{410EA106-A1AB-4635-8364-B1C77090ED52}"
EndProject
Project("{FAE04EC0-301F-11D3-BF4B-00C04F79EFBC}") = "ClientLauncher", "Games\ClientLauncher\ClientLauncher.csproj", "{73077BE7-A824-4550-83D1-4D224B29DD66}"
EndProject
Global
	GlobalSection(SharedMSBuildProjectFiles) = preSolution
		Games\PaperCast.Old\PaperCast.projitems*{c8165587-c583-420c-8e8c-5ed4ea9e1331}*SharedItemsImports = 13
	EndGlobalSection
	GlobalSection(SolutionConfigurationPlatforms) = preSolution
		Debug|Any CPU = Debug|Any CPU
		Debug|x86 = Debug|x86
		Release|Any CPU = Release|Any CPU
		Release|x86 = Release|x86
	EndGlobalSection
	GlobalSection(ProjectConfigurationPlatforms) = postSolution
		{45266623-ED0D-46DC-9A29-5EF84A126CD8}.Debug|Any CPU.ActiveCfg = Debug|Any CPU
		{45266623-ED0D-46DC-9A29-5EF84A126CD8}.Debug|Any CPU.Build.0 = Debug|Any CPU
		{45266623-ED0D-46DC-9A29-5EF84A126CD8}.Debug|Any CPU.Deploy.0 = Debug|Any CPU
		{45266623-ED0D-46DC-9A29-5EF84A126CD8}.Debug|x86.ActiveCfg = Debug|Any CPU
		{45266623-ED0D-46DC-9A29-5EF84A126CD8}.Debug|x86.Build.0 = Debug|Any CPU
		{45266623-ED0D-46DC-9A29-5EF84A126CD8}.Debug|x86.Deploy.0 = Debug|Any CPU
		{45266623-ED0D-46DC-9A29-5EF84A126CD8}.Release|Any CPU.ActiveCfg = Release|Any CPU
		{45266623-ED0D-46DC-9A29-5EF84A126CD8}.Release|Any CPU.Build.0 = Release|Any CPU
		{45266623-ED0D-46DC-9A29-5EF84A126CD8}.Release|Any CPU.Deploy.0 = Release|Any CPU
		{45266623-ED0D-46DC-9A29-5EF84A126CD8}.Release|x86.ActiveCfg = Release|Any CPU
		{45266623-ED0D-46DC-9A29-5EF84A126CD8}.Release|x86.Build.0 = Release|Any CPU
		{45266623-ED0D-46DC-9A29-5EF84A126CD8}.Release|x86.Deploy.0 = Release|Any CPU
		{0C163B17-AEE3-49A1-BE80-27E3A1AF269A}.Debug|Any CPU.ActiveCfg = Debug|x86
		{0C163B17-AEE3-49A1-BE80-27E3A1AF269A}.Debug|Any CPU.Build.0 = Debug|x86
		{0C163B17-AEE3-49A1-BE80-27E3A1AF269A}.Debug|x86.ActiveCfg = Debug|x86
		{0C163B17-AEE3-49A1-BE80-27E3A1AF269A}.Debug|x86.Build.0 = Debug|x86
		{0C163B17-AEE3-49A1-BE80-27E3A1AF269A}.Release|Any CPU.ActiveCfg = Release|x86
		{0C163B17-AEE3-49A1-BE80-27E3A1AF269A}.Release|x86.ActiveCfg = Release|x86
		{0C163B17-AEE3-49A1-BE80-27E3A1AF269A}.Release|x86.Build.0 = Release|x86
		{90DCC068-4002-4CBE-92EC-D761EE0046E0}.Debug|Any CPU.ActiveCfg = Debug|Any CPU
		{90DCC068-4002-4CBE-92EC-D761EE0046E0}.Debug|Any CPU.Build.0 = Debug|Any CPU
		{90DCC068-4002-4CBE-92EC-D761EE0046E0}.Debug|x86.ActiveCfg = Debug|Any CPU
		{90DCC068-4002-4CBE-92EC-D761EE0046E0}.Debug|x86.Build.0 = Debug|Any CPU
		{90DCC068-4002-4CBE-92EC-D761EE0046E0}.Release|Any CPU.ActiveCfg = Release|Any CPU
		{90DCC068-4002-4CBE-92EC-D761EE0046E0}.Release|Any CPU.Build.0 = Release|Any CPU
		{90DCC068-4002-4CBE-92EC-D761EE0046E0}.Release|x86.ActiveCfg = Release|Any CPU
		{90DCC068-4002-4CBE-92EC-D761EE0046E0}.Release|x86.Build.0 = Release|Any CPU
		{14E3B201-FF98-40C9-B329-EDE40B869BA4}.Debug|Any CPU.ActiveCfg = Debug|Any CPU
		{14E3B201-FF98-40C9-B329-EDE40B869BA4}.Debug|Any CPU.Build.0 = Debug|Any CPU
		{14E3B201-FF98-40C9-B329-EDE40B869BA4}.Debug|x86.ActiveCfg = Debug|Any CPU
		{14E3B201-FF98-40C9-B329-EDE40B869BA4}.Debug|x86.Build.0 = Debug|Any CPU
		{14E3B201-FF98-40C9-B329-EDE40B869BA4}.Release|Any CPU.ActiveCfg = Release|Any CPU
		{14E3B201-FF98-40C9-B329-EDE40B869BA4}.Release|Any CPU.Build.0 = Release|Any CPU
		{14E3B201-FF98-40C9-B329-EDE40B869BA4}.Release|x86.ActiveCfg = Release|Any CPU
		{14E3B201-FF98-40C9-B329-EDE40B869BA4}.Release|x86.Build.0 = Release|Any CPU
		{68E6C734-DE72-4414-99E2-66E5CABA8319}.Debug|Any CPU.ActiveCfg = Debug|Any CPU
		{68E6C734-DE72-4414-99E2-66E5CABA8319}.Debug|Any CPU.Build.0 = Debug|Any CPU
		{68E6C734-DE72-4414-99E2-66E5CABA8319}.Debug|x86.ActiveCfg = Debug|Any CPU
		{68E6C734-DE72-4414-99E2-66E5CABA8319}.Debug|x86.Build.0 = Debug|Any CPU
		{68E6C734-DE72-4414-99E2-66E5CABA8319}.Release|Any CPU.ActiveCfg = Release|Any CPU
		{68E6C734-DE72-4414-99E2-66E5CABA8319}.Release|Any CPU.Build.0 = Release|Any CPU
		{68E6C734-DE72-4414-99E2-66E5CABA8319}.Release|x86.ActiveCfg = Release|Any CPU
		{68E6C734-DE72-4414-99E2-66E5CABA8319}.Release|x86.Build.0 = Release|Any CPU
		{4B09E669-4D9F-4090-AC26-BDD11F2CC31E}.Debug|Any CPU.ActiveCfg = Debug|Any CPU
		{4B09E669-4D9F-4090-AC26-BDD11F2CC31E}.Debug|Any CPU.Build.0 = Debug|Any CPU
		{4B09E669-4D9F-4090-AC26-BDD11F2CC31E}.Debug|x86.ActiveCfg = Debug|Any CPU
		{4B09E669-4D9F-4090-AC26-BDD11F2CC31E}.Debug|x86.Build.0 = Debug|Any CPU
		{4B09E669-4D9F-4090-AC26-BDD11F2CC31E}.Release|Any CPU.ActiveCfg = Release|Any CPU
		{4B09E669-4D9F-4090-AC26-BDD11F2CC31E}.Release|Any CPU.Build.0 = Release|Any CPU
		{4B09E669-4D9F-4090-AC26-BDD11F2CC31E}.Release|x86.ActiveCfg = Release|Any CPU
		{4B09E669-4D9F-4090-AC26-BDD11F2CC31E}.Release|x86.Build.0 = Release|Any CPU
		{EBF17446-DFE8-4974-A67D-93FD443836AE}.Debug|Any CPU.ActiveCfg = Debug|Any CPU
		{EBF17446-DFE8-4974-A67D-93FD443836AE}.Debug|Any CPU.Build.0 = Debug|Any CPU
		{EBF17446-DFE8-4974-A67D-93FD443836AE}.Debug|x86.ActiveCfg = Debug|Any CPU
		{EBF17446-DFE8-4974-A67D-93FD443836AE}.Debug|x86.Build.0 = Debug|Any CPU
		{EBF17446-DFE8-4974-A67D-93FD443836AE}.Release|Any CPU.ActiveCfg = Release|Any CPU
		{EBF17446-DFE8-4974-A67D-93FD443836AE}.Release|Any CPU.Build.0 = Release|Any CPU
		{EBF17446-DFE8-4974-A67D-93FD443836AE}.Release|x86.ActiveCfg = Release|Any CPU
		{EBF17446-DFE8-4974-A67D-93FD443836AE}.Release|x86.Build.0 = Release|Any CPU
		{73077BE7-A824-4550-83D1-4D224B29DD66}.Debug|Any CPU.ActiveCfg = Debug|Any CPU
		{73077BE7-A824-4550-83D1-4D224B29DD66}.Debug|Any CPU.Build.0 = Debug|Any CPU
		{73077BE7-A824-4550-83D1-4D224B29DD66}.Debug|x86.ActiveCfg = Debug|Any CPU
		{73077BE7-A824-4550-83D1-4D224B29DD66}.Debug|x86.Build.0 = Debug|Any CPU
		{73077BE7-A824-4550-83D1-4D224B29DD66}.Release|Any CPU.ActiveCfg = Release|Any CPU
		{73077BE7-A824-4550-83D1-4D224B29DD66}.Release|Any CPU.Build.0 = Release|Any CPU
		{73077BE7-A824-4550-83D1-4D224B29DD66}.Release|x86.ActiveCfg = Release|Any CPU
		{73077BE7-A824-4550-83D1-4D224B29DD66}.Release|x86.Build.0 = Release|Any CPU
	EndGlobalSection
	GlobalSection(SolutionProperties) = preSolution
		HideSolutionNode = FALSE
	EndGlobalSection
	GlobalSection(NestedProjects) = preSolution
		{45266623-ED0D-46DC-9A29-5EF84A126CD8} = {410EA106-A1AB-4635-8364-B1C77090ED52}
		{C8165587-C583-420C-8E8C-5ED4EA9E1331} = {5240409E-92D0-45FC-B4D8-9CBCED3C8737}
		{0C163B17-AEE3-49A1-BE80-27E3A1AF269A} = {410EA106-A1AB-4635-8364-B1C77090ED52}
		{14E3B201-FF98-40C9-B329-EDE40B869BA4} = {5240409E-92D0-45FC-B4D8-9CBCED3C8737}
		{68E6C734-DE72-4414-99E2-66E5CABA8319} = {5240409E-92D0-45FC-B4D8-9CBCED3C8737}
		{4B09E669-4D9F-4090-AC26-BDD11F2CC31E} = {5240409E-92D0-45FC-B4D8-9CBCED3C8737}
		{D5F55B8F-4CD3-4D25-B865-F0A29B9C677D} = {F725B829-6E3E-4E98-B3F8-D21568ECAEA6}
		{EBF17446-DFE8-4974-A67D-93FD443836AE} = {5240409E-92D0-45FC-B4D8-9CBCED3C8737}
		{73077BE7-A824-4550-83D1-4D224B29DD66} = {5240409E-92D0-45FC-B4D8-9CBCED3C8737}
	EndGlobalSection
EndGlobal
